// !$*UTF8*$!
{
	archiveVersion = 1;
	classes = {
	};
	objectVersion = 50;
	objects = {

/* Begin PBXBuildFile section */
		293CE1B5267B8801007CF758 /* VisualAudioView.swift in Sources */ = {isa = PBXBuildFile; fileRef = 293CE1B4267B8801007CF758 /* VisualAudioView.swift */; };
		2966417F267CD505001D8695 /* PlayingBar.swift in Sources */ = {isa = PBXBuildFile; fileRef = 2966417E267CD505001D8695 /* PlayingBar.swift */; };
		29664182267CD527001D8695 /* ProgressBar.swift in Sources */ = {isa = PBXBuildFile; fileRef = 29664181267CD527001D8695 /* ProgressBar.swift */; };
		29664184267CD6EA001D8695 /* PlayButton.swift in Sources */ = {isa = PBXBuildFile; fileRef = 29664183267CD6EA001D8695 /* PlayButton.swift */; };
		29DC22522678DF5A00E26F10 /* Podcasts_iOSApp.swift in Sources */ = {isa = PBXBuildFile; fileRef = 29DC22512678DF5A00E26F10 /* Podcasts_iOSApp.swift */; };
		29DC22542678DF5A00E26F10 /* ContentView.swift in Sources */ = {isa = PBXBuildFile; fileRef = 29DC22532678DF5A00E26F10 /* ContentView.swift */; };
		29DC22562678DF5B00E26F10 /* Assets.xcassets in Resources */ = {isa = PBXBuildFile; fileRef = 29DC22552678DF5B00E26F10 /* Assets.xcassets */; };
		29DC22592678DF5B00E26F10 /* Preview Assets.xcassets in Resources */ = {isa = PBXBuildFile; fileRef = 29DC22582678DF5B00E26F10 /* Preview Assets.xcassets */; };
		29DC22622678DFF900E26F10 /* PodcastLargeView.swift in Sources */ = {isa = PBXBuildFile; fileRef = 29DC22612678DFF900E26F10 /* PodcastLargeView.swift */; };
		29E00EA1267A307700C83B90 /* PodcastSmallView.swift in Sources */ = {isa = PBXBuildFile; fileRef = 29E00EA0267A307700C83B90 /* PodcastSmallView.swift */; };
		29E00EA3267A31DF00C83B90 /* PodcastView.swift in Sources */ = {isa = PBXBuildFile; fileRef = 29E00EA2267A31DF00C83B90 /* PodcastView.swift */; };
		29E00EA6267A322500C83B90 /* SharedModels.swift in Sources */ = {isa = PBXBuildFile; fileRef = 29E00EA5267A322500C83B90 /* SharedModels.swift */; };
		29E00EA9267A331800C83B90 /* PodcastMediumView.swift in Sources */ = {isa = PBXBuildFile; fileRef = 29E00EA8267A331800C83B90 /* PodcastMediumView.swift */; };
/* End PBXBuildFile section */

/* Begin PBXFileReference section */
		293CE1B4267B8801007CF758 /* VisualAudioView.swift */ = {isa = PBXFileReference; lastKnownFileType = sourcecode.swift; path = VisualAudioView.swift; sourceTree = "<group>"; };
		2966417E267CD505001D8695 /* PlayingBar.swift */ = {isa = PBXFileReference; lastKnownFileType = sourcecode.swift; path = PlayingBar.swift; sourceTree = "<group>"; };
		29664181267CD527001D8695 /* ProgressBar.swift */ = {isa = PBXFileReference; lastKnownFileType = sourcecode.swift; path = ProgressBar.swift; sourceTree = "<group>"; };
		29664183267CD6EA001D8695 /* PlayButton.swift */ = {isa = PBXFileReference; lastKnownFileType = sourcecode.swift; path = PlayButton.swift; sourceTree = "<group>"; };
		29DC224E2678DF5A00E26F10 /* Podcasts-iOS.app */ = {isa = PBXFileReference; explicitFileType = wrapper.application; includeInIndex = 0; path = "Podcasts-iOS.app"; sourceTree = BUILT_PRODUCTS_DIR; };
		29DC22512678DF5A00E26F10 /* Podcasts_iOSApp.swift */ = {isa = PBXFileReference; lastKnownFileType = sourcecode.swift; path = Podcasts_iOSApp.swift; sourceTree = "<group>"; };
		29DC22532678DF5A00E26F10 /* ContentView.swift */ = {isa = PBXFileReference; lastKnownFileType = sourcecode.swift; path = ContentView.swift; sourceTree = "<group>"; };
		29DC22552678DF5B00E26F10 /* Assets.xcassets */ = {isa = PBXFileReference; lastKnownFileType = folder.assetcatalog; path = Assets.xcassets; sourceTree = "<group>"; };
		29DC22582678DF5B00E26F10 /* Preview Assets.xcassets */ = {isa = PBXFileReference; lastKnownFileType = folder.assetcatalog; path = "Preview Assets.xcassets"; sourceTree = "<group>"; };
		29DC225A2678DF5B00E26F10 /* Info.plist */ = {isa = PBXFileReference; lastKnownFileType = text.plist.xml; path = Info.plist; sourceTree = "<group>"; };
		29DC22612678DFF900E26F10 /* PodcastLargeView.swift */ = {isa = PBXFileReference; lastKnownFileType = sourcecode.swift; path = PodcastLargeView.swift; sourceTree = "<group>"; };
		29E00EA0267A307700C83B90 /* PodcastSmallView.swift */ = {isa = PBXFileReference; lastKnownFileType = sourcecode.swift; path = PodcastSmallView.swift; sourceTree = "<group>"; };
		29E00EA2267A31DF00C83B90 /* PodcastView.swift */ = {isa = PBXFileReference; lastKnownFileType = sourcecode.swift; path = PodcastView.swift; sourceTree = "<group>"; };
		29E00EA5267A322500C83B90 /* SharedModels.swift */ = {isa = PBXFileReference; lastKnownFileType = sourcecode.swift; path = SharedModels.swift; sourceTree = "<group>"; };
		29E00EA8267A331800C83B90 /* PodcastMediumView.swift */ = {isa = PBXFileReference; lastKnownFileType = sourcecode.swift; path = PodcastMediumView.swift; sourceTree = "<group>"; };
/* End PBXFileReference section */

/* Begin PBXFrameworksBuildPhase section */
		29DC224B2678DF5A00E26F10 /* Frameworks */ = {
			isa = PBXFrameworksBuildPhase;
			buildActionMask = 2147483647;
			files = (
			);
			runOnlyForDeploymentPostprocessing = 0;
		};
/* End PBXFrameworksBuildPhase section */

/* Begin PBXGroup section */
		29664180267CD50B001D8695 /* PlayingBar */ = {
			isa = PBXGroup;
			children = (
				29664181267CD527001D8695 /* ProgressBar.swift */,
			);
			path = PlayingBar;
			sourceTree = "<group>";
		};
		29DC22452678DF5A00E26F10 = {
			isa = PBXGroup;
			children = (
				29DC22502678DF5A00E26F10 /* Podcasts-iOS */,
				29DC224F2678DF5A00E26F10 /* Products */,
			);
			sourceTree = "<group>";
		};
		29DC224F2678DF5A00E26F10 /* Products */ = {
			isa = PBXGroup;
			children = (
				29DC224E2678DF5A00E26F10 /* Podcasts-iOS.app */,
			);
			name = Products;
			sourceTree = "<group>";
		};
		29DC22502678DF5A00E26F10 /* Podcasts-iOS */ = {
			isa = PBXGroup;
			children = (
				29E00EA4267A321200C83B90 /* Models */,
				29DC22602678DF8100E26F10 /* Components */,
				29DC22512678DF5A00E26F10 /* Podcasts_iOSApp.swift */,
				29DC22532678DF5A00E26F10 /* ContentView.swift */,
				29DC22552678DF5B00E26F10 /* Assets.xcassets */,
				29DC225A2678DF5B00E26F10 /* Info.plist */,
				29DC22572678DF5B00E26F10 /* Preview Content */,
			);
			path = "Podcasts-iOS";
			sourceTree = "<group>";
		};
		29DC22572678DF5B00E26F10 /* Preview Content */ = {
			isa = PBXGroup;
			children = (
				29DC22582678DF5B00E26F10 /* Preview Assets.xcassets */,
			);
			path = "Preview Content";
			sourceTree = "<group>";
		};
		29DC22602678DF8100E26F10 /* Components */ = {
			isa = PBXGroup;
			children = (
				29E00EA7267A32FF00C83B90 /* PodcastView */,
				29E00EA2267A31DF00C83B90 /* PodcastView.swift */,
				293CE1B4267B8801007CF758 /* VisualAudioView.swift */,
				29664180267CD50B001D8695 /* PlayingBar */,
				2966417E267CD505001D8695 /* PlayingBar.swift */,
				29664183267CD6EA001D8695 /* PlayButton.swift */,
			);
			path = Components;
			sourceTree = "<group>";
		};
		29E00EA4267A321200C83B90 /* Models */ = {
			isa = PBXGroup;
			children = (
				29E00EA5267A322500C83B90 /* SharedModels.swift */,
			);
			path = Models;
			sourceTree = "<group>";
		};
		29E00EA7267A32FF00C83B90 /* PodcastView */ = {
			isa = PBXGroup;
			children = (
				29DC22612678DFF900E26F10 /* PodcastLargeView.swift */,
				29E00EA8267A331800C83B90 /* PodcastMediumView.swift */,
				29E00EA0267A307700C83B90 /* PodcastSmallView.swift */,
			);
			path = PodcastView;
			sourceTree = "<group>";
		};
/* End PBXGroup section */

/* Begin PBXNativeTarget section */
		29DC224D2678DF5A00E26F10 /* Podcasts-iOS */ = {
			isa = PBXNativeTarget;
			buildConfigurationList = 29DC225D2678DF5B00E26F10 /* Build configuration list for PBXNativeTarget "Podcasts-iOS" */;
			buildPhases = (
				29DC224A2678DF5A00E26F10 /* Sources */,
				29DC224B2678DF5A00E26F10 /* Frameworks */,
				29DC224C2678DF5A00E26F10 /* Resources */,
			);
			buildRules = (
			);
			dependencies = (
			);
			name = "Podcasts-iOS";
			productName = "Podcasts-iOS";
			productReference = 29DC224E2678DF5A00E26F10 /* Podcasts-iOS.app */;
			productType = "com.apple.product-type.application";
		};
/* End PBXNativeTarget section */

/* Begin PBXProject section */
		29DC22462678DF5A00E26F10 /* Project object */ = {
			isa = PBXProject;
			attributes = {
				LastSwiftUpdateCheck = 1250;
				LastUpgradeCheck = 1250;
				TargetAttributes = {
					29DC224D2678DF5A00E26F10 = {
						CreatedOnToolsVersion = 12.5;
					};
				};
			};
			buildConfigurationList = 29DC22492678DF5A00E26F10 /* Build configuration list for PBXProject "Podcasts-iOS" */;
			compatibilityVersion = "Xcode 9.3";
			developmentRegion = en;
			hasScannedForEncodings = 0;
			knownRegions = (
				en,
				Base,
			);
			mainGroup = 29DC22452678DF5A00E26F10;
			productRefGroup = 29DC224F2678DF5A00E26F10 /* Products */;
			projectDirPath = "";
			projectRoot = "";
			targets = (
				29DC224D2678DF5A00E26F10 /* Podcasts-iOS */,
			);
		};
/* End PBXProject section */

/* Begin PBXResourcesBuildPhase section */
		29DC224C2678DF5A00E26F10 /* Resources */ = {
			isa = PBXResourcesBuildPhase;
			buildActionMask = 2147483647;
			files = (
				29DC22592678DF5B00E26F10 /* Preview Assets.xcassets in Resources */,
				29DC22562678DF5B00E26F10 /* Assets.xcassets in Resources */,
			);
			runOnlyForDeploymentPostprocessing = 0;
		};
/* End PBXResourcesBuildPhase section */

/* Begin PBXSourcesBuildPhase section */
		29DC224A2678DF5A00E26F10 /* Sources */ = {
			isa = PBXSourcesBuildPhase;
			buildActionMask = 2147483647;
			files = (
				29E00EA9267A331800C83B90 /* PodcastMediumView.swift in Sources */,
				293CE1B5267B8801007CF758 /* VisualAudioView.swift in Sources */,
				2966417F267CD505001D8695 /* PlayingBar.swift in Sources */,
				29E00EA3267A31DF00C83B90 /* PodcastView.swift in Sources */,
				29DC22542678DF5A00E26F10 /* ContentView.swift in Sources */,
				29664184267CD6EA001D8695 /* PlayButton.swift in Sources */,
				29DC22522678DF5A00E26F10 /* Podcasts_iOSApp.swift in Sources */,
				29DC22622678DFF900E26F10 /* PodcastLargeView.swift in Sources */,
				29E00EA6267A322500C83B90 /* SharedModels.swift in Sources */,
				29664182267CD527001D8695 /* ProgressBar.swift in Sources */,
				29E00EA1267A307700C83B90 /* PodcastSmallView.swift in Sources */,
			);
			runOnlyForDeploymentPostprocessing = 0;
		};
/* End PBXSourcesBuildPhase section */

/* Begin XCBuildConfiguration section */
		29DC225B2678DF5B00E26F10 /* Debug */ = {
			isa = XCBuildConfiguration;
			buildSettings = {
				ALWAYS_SEARCH_USER_PATHS = NO;
				CLANG_ANALYZER_NONNULL = YES;
				CLANG_ANALYZER_NUMBER_OBJECT_CONVERSION = YES_AGGRESSIVE;
				CLANG_CXX_LANGUAGE_STANDARD = "gnu++14";
				CLANG_CXX_LIBRARY = "libc++";
				CLANG_ENABLE_MODULES = YES;
				CLANG_ENABLE_OBJC_ARC = YES;
				CLANG_ENABLE_OBJC_WEAK = YES;
				CLANG_WARN_BLOCK_CAPTURE_AUTORELEASING = YES;
				CLANG_WARN_BOOL_CONVERSION = YES;
				CLANG_WARN_COMMA = YES;
				CLANG_WARN_CONSTANT_CONVERSION = YES;
				CLANG_WARN_DEPRECATED_OBJC_IMPLEMENTATIONS = YES;
				CLANG_WARN_DIRECT_OBJC_ISA_USAGE = YES_ERROR;
				CLANG_WARN_DOCUMENTATION_COMMENTS = YES;
				CLANG_WARN_EMPTY_BODY = YES;
				CLANG_WARN_ENUM_CONVERSION = YES;
				CLANG_WARN_INFINITE_RECURSION = YES;
				CLANG_WARN_INT_CONVERSION = YES;
				CLANG_WARN_NON_LITERAL_NULL_CONVERSION = YES;
				CLANG_WARN_OBJC_IMPLICIT_RETAIN_SELF = YES;
				CLANG_WARN_OBJC_LITERAL_CONVERSION = YES;
				CLANG_WARN_OBJC_ROOT_CLASS = YES_ERROR;
				CLANG_WARN_QUOTED_INCLUDE_IN_FRAMEWORK_HEADER = YES;
				CLANG_WARN_RANGE_LOOP_ANALYSIS = YES;
				CLANG_WARN_STRICT_PROTOTYPES = YES;
				CLANG_WARN_SUSPICIOUS_MOVE = YES;
				CLANG_WARN_UNGUARDED_AVAILABILITY = YES_AGGRESSIVE;
				CLANG_WARN_UNREACHABLE_CODE = YES;
				CLANG_WARN__DUPLICATE_METHOD_MATCH = YES;
				COPY_PHASE_STRIP = NO;
				DEBUG_INFORMATION_FORMAT = dwarf;
				ENABLE_STRICT_OBJC_MSGSEND = YES;
				ENABLE_TESTABILITY = YES;
				GCC_C_LANGUAGE_STANDARD = gnu11;
				GCC_DYNAMIC_NO_PIC = NO;
				GCC_NO_COMMON_BLOCKS = YES;
				GCC_OPTIMIZATION_LEVEL = 0;
				GCC_PREPROCESSOR_DEFINITIONS = (
					"DEBUG=1",
					"$(inherited)",
				);
				GCC_WARN_64_TO_32_BIT_CONVERSION = YES;
				GCC_WARN_ABOUT_RETURN_TYPE = YES_ERROR;
				GCC_WARN_UNDECLARED_SELECTOR = YES;
				GCC_WARN_UNINITIALIZED_AUTOS = YES_AGGRESSIVE;
				GCC_WARN_UNUSED_FUNCTION = YES;
				GCC_WARN_UNUSED_VARIABLE = YES;
				IPHONEOS_DEPLOYMENT_TARGET = 14.5;
				MTL_ENABLE_DEBUG_INFO = INCLUDE_SOURCE;
				MTL_FAST_MATH = YES;
				ONLY_ACTIVE_ARCH = YES;
				SDKROOT = iphoneos;
				SWIFT_ACTIVE_COMPILATION_CONDITIONS = DEBUG;
				SWIFT_OPTIMIZATION_LEVEL = "-Onone";
			};
			name = Debug;
		};
		29DC225C2678DF5B00E26F10 /* Release */ = {
			isa = XCBuildConfiguration;
			buildSettings = {
				ALWAYS_SEARCH_USER_PATHS = NO;
				CLANG_ANALYZER_NONNULL = YES;
				CLANG_ANALYZER_NUMBER_OBJECT_CONVERSION = YES_AGGRESSIVE;
				CLANG_CXX_LANGUAGE_STANDARD = "gnu++14";
				CLANG_CXX_LIBRARY = "libc++";
				CLANG_ENABLE_MODULES = YES;
				CLANG_ENABLE_OBJC_ARC = YES;
				CLANG_ENABLE_OBJC_WEAK = YES;
				CLANG_WARN_BLOCK_CAPTURE_AUTORELEASING = YES;
				CLANG_WARN_BOOL_CONVERSION = YES;
				CLANG_WARN_COMMA = YES;
				CLANG_WARN_CONSTANT_CONVERSION = YES;
				CLANG_WARN_DEPRECATED_OBJC_IMPLEMENTATIONS = YES;
				CLANG_WARN_DIRECT_OBJC_ISA_USAGE = YES_ERROR;
				CLANG_WARN_DOCUMENTATION_COMMENTS = YES;
				CLANG_WARN_EMPTY_BODY = YES;
				CLANG_WARN_ENUM_CONVERSION = YES;
				CLANG_WARN_INFINITE_RECURSION = YES;
				CLANG_WARN_INT_CONVERSION = YES;
				CLANG_WARN_NON_LITERAL_NULL_CONVERSION = YES;
				CLANG_WARN_OBJC_IMPLICIT_RETAIN_SELF = YES;
				CLANG_WARN_OBJC_LITERAL_CONVERSION = YES;
				CLANG_WARN_OBJC_ROOT_CLASS = YES_ERROR;
				CLANG_WARN_QUOTED_INCLUDE_IN_FRAMEWORK_HEADER = YES;
				CLANG_WARN_RANGE_LOOP_ANALYSIS = YES;
				CLANG_WARN_STRICT_PROTOTYPES = YES;
				CLANG_WARN_SUSPICIOUS_MOVE = YES;
				CLANG_WARN_UNGUARDED_AVAILABILITY = YES_AGGRESSIVE;
				CLANG_WARN_UNREACHABLE_CODE = YES;
				CLANG_WARN__DUPLICATE_METHOD_MATCH = YES;
				COPY_PHASE_STRIP = NO;
				DEBUG_INFORMATION_FORMAT = "dwarf-with-dsym";
				ENABLE_NS_ASSERTIONS = NO;
				ENABLE_STRICT_OBJC_MSGSEND = YES;
				GCC_C_LANGUAGE_STANDARD = gnu11;
				GCC_NO_COMMON_BLOCKS = YES;
				GCC_WARN_64_TO_32_BIT_CONVERSION = YES;
				GCC_WARN_ABOUT_RETURN_TYPE = YES_ERROR;
				GCC_WARN_UNDECLARED_SELECTOR = YES;
				GCC_WARN_UNINITIALIZED_AUTOS = YES_AGGRESSIVE;
				GCC_WARN_UNUSED_FUNCTION = YES;
				GCC_WARN_UNUSED_VARIABLE = YES;
				IPHONEOS_DEPLOYMENT_TARGET = 14.5;
				MTL_ENABLE_DEBUG_INFO = NO;
				MTL_FAST_MATH = YES;
				SDKROOT = iphoneos;
				SWIFT_COMPILATION_MODE = wholemodule;
				SWIFT_OPTIMIZATION_LEVEL = "-O";
				VALIDATE_PRODUCT = YES;
			};
			name = Release;
		};
		29DC225E2678DF5B00E26F10 /* Debug */ = {
			isa = XCBuildConfiguration;
			buildSettings = {
				ASSETCATALOG_COMPILER_APPICON_NAME = AppIcon;
				ASSETCATALOG_COMPILER_GLOBAL_ACCENT_COLOR_NAME = AccentColor;
				CODE_SIGN_STYLE = Automatic;
				DEVELOPMENT_ASSET_PATHS = "\"Podcasts-iOS/Preview Content\"";
				DEVELOPMENT_TEAM = EWH85CQYYJ;
				ENABLE_PREVIEWS = YES;
				INFOPLIST_FILE = "Podcasts-iOS/Info.plist";
				IPHONEOS_DEPLOYMENT_TARGET = 14.0;
				LD_RUNPATH_SEARCH_PATHS = (
					"$(inherited)",
					"@executable_path/Frameworks",
				);
				PRODUCT_BUNDLE_IDENTIFIER = "com.offensively-bad.Podcasts-iOS";
				PRODUCT_NAME = "$(TARGET_NAME)";
				SWIFT_VERSION = 5.0;
				TARGETED_DEVICE_FAMILY = "1,2";
			};
			name = Debug;
		};
		29DC225F2678DF5B00E26F10 /* Release */ = {
			isa = XCBuildConfiguration;
			buildSettings = {
				ASSETCATALOG_COMPILER_APPICON_NAME = AppIcon;
				ASSETCATALOG_COMPILER_GLOBAL_ACCENT_COLOR_NAME = AccentColor;
				CODE_SIGN_STYLE = Automatic;
				DEVELOPMENT_ASSET_PATHS = "\"Podcasts-iOS/Preview Content\"";
				DEVELOPMENT_TEAM = EWH85CQYYJ;
				ENABLE_PREVIEWS = YES;
				INFOPLIST_FILE = "Podcasts-iOS/Info.plist";
				IPHONEOS_DEPLOYMENT_TARGET = 14.0;
				LD_RUNPATH_SEARCH_PATHS = (
					"$(inherited)",
					"@executable_path/Frameworks",
				);
				PRODUCT_BUNDLE_IDENTIFIER = "com.offensively-bad.Podcasts-iOS";
				PRODUCT_NAME = "$(TARGET_NAME)";
				SWIFT_VERSION = 5.0;
				TARGETED_DEVICE_FAMILY = "1,2";
			};
			name = Release;
		};
/* End XCBuildConfiguration section */

/* Begin XCConfigurationList section */
		29DC22492678DF5A00E26F10 /* Build configuration list for PBXProject "Podcasts-iOS" */ = {
			isa = XCConfigurationList;
			buildConfigurations = (
				29DC225B2678DF5B00E26F10 /* Debug */,
				29DC225C2678DF5B00E26F10 /* Release */,
			);
			defaultConfigurationIsVisible = 0;
			defaultConfigurationName = Release;
		};
		29DC225D2678DF5B00E26F10 /* Build configuration list for PBXNativeTarget "Podcasts-iOS" */ = {
			isa = XCConfigurationList;
			buildConfigurations = (
				29DC225E2678DF5B00E26F10 /* Debug */,
				29DC225F2678DF5B00E26F10 /* Release */,
			);
			defaultConfigurationIsVisible = 0;
			defaultConfigurationName = Release;
		};
/* End XCConfigurationList section */
	};
	rootObject = 29DC22462678DF5A00E26F10 /* Project object */;
}
